// !$*UTF8*$!
{
	archiveVersion = 1;
	classes = {
	};
	objectVersion = 52;
	objects = {

/* Begin PBXBuildFile section */
		52F002CAAEBC4BEC6018896B /* Pods_FirebaseKit_FirebaseKitTests.framework in Frameworks */ = {isa = PBXBuildFile; fileRef = 2CAB5E86B74F2E124F01AE73 /* Pods_FirebaseKit_FirebaseKitTests.framework */; };
		6AED6BA7246720B20039039F /* FirebaseKit.framework in Frameworks */ = {isa = PBXBuildFile; fileRef = 6AED6B9D246720B20039039F /* FirebaseKit.framework */; };
		6AED6BAC246720B20039039F /* FirebaseKitTests.swift in Sources */ = {isa = PBXBuildFile; fileRef = 6AED6BAB246720B20039039F /* FirebaseKitTests.swift */; };
		6AED6BAE246720B20039039F /* FirebaseKit.h in Headers */ = {isa = PBXBuildFile; fileRef = 6AED6BA0246720B20039039F /* FirebaseKit.h */; settings = {ATTRIBUTES = (Public, ); }; };
		6AED6BC5246720C60039039F /* Encodable+Ext.swift in Sources */ = {isa = PBXBuildFile; fileRef = 6AED6BB8246720C60039039F /* Encodable+Ext.swift */; };
		6AED6BC6246720C60039039F /* JSONDecoder+Ext.swift in Sources */ = {isa = PBXBuildFile; fileRef = 6AED6BB9246720C60039039F /* JSONDecoder+Ext.swift */; };
		6AED6BC7246720C60039039F /* FirestoreEndPoint.swift in Sources */ = {isa = PBXBuildFile; fileRef = 6AED6BBC246720C60039039F /* FirestoreEndPoint.swift */; };
		6AED6BC8246720C60039039F /* FirestoreEndPointType.swift in Sources */ = {isa = PBXBuildFile; fileRef = 6AED6BBD246720C60039039F /* FirestoreEndPointType.swift */; };
		6AED6BC9246720C60039039F /* FirestoreRouter.swift in Sources */ = {isa = PBXBuildFile; fileRef = 6AED6BBF246720C60039039F /* FirestoreRouter.swift */; };
		6AED6BCA246720C60039039F /* FirestoreTask.swift in Sources */ = {isa = PBXBuildFile; fileRef = 6AED6BC0246720C60039039F /* FirestoreTask.swift */; };
		6AED6BCB246720C60039039F /* FirestoreConstants.swift in Sources */ = {isa = PBXBuildFile; fileRef = 6AED6BC2246720C60039039F /* FirestoreConstants.swift */; };
		6AED6BCC246720C60039039F /* FirestoreManager.swift in Sources */ = {isa = PBXBuildFile; fileRef = 6AED6BC4246720C60039039F /* FirestoreManager.swift */; };
		A8846B6839A46B5D62464E0E /* Pods_FirebaseKit.framework in Frameworks */ = {isa = PBXBuildFile; fileRef = 97CBFD5A15490E75E6E86C69 /* Pods_FirebaseKit.framework */; };
/* End PBXBuildFile section */

/* Begin PBXContainerItemProxy section */
		6AED6BA8246720B20039039F /* PBXContainerItemProxy */ = {
			isa = PBXContainerItemProxy;
			containerPortal = 6AED6B94246720B20039039F /* Project object */;
			proxyType = 1;
			remoteGlobalIDString = 6AED6B9C246720B20039039F;
			remoteInfo = FirebaseKit;
		};
/* End PBXContainerItemProxy section */

/* Begin PBXFileReference section */
		2CAB5E86B74F2E124F01AE73 /* Pods_FirebaseKit_FirebaseKitTests.framework */ = {isa = PBXFileReference; explicitFileType = wrapper.framework; includeInIndex = 0; path = Pods_FirebaseKit_FirebaseKitTests.framework; sourceTree = BUILT_PRODUCTS_DIR; };
		50F6849D7C5070E0EDE20044 /* Pods-FirebaseKit-FirebaseKitTests.release.xcconfig */ = {isa = PBXFileReference; includeInIndex = 1; lastKnownFileType = text.xcconfig; name = "Pods-FirebaseKit-FirebaseKitTests.release.xcconfig"; path = "Target Support Files/Pods-FirebaseKit-FirebaseKitTests/Pods-FirebaseKit-FirebaseKitTests.release.xcconfig"; sourceTree = "<group>"; };
		5D99DCA0BD98070FC367E43A /* Pods-FirebaseKit.debug.xcconfig */ = {isa = PBXFileReference; includeInIndex = 1; lastKnownFileType = text.xcconfig; name = "Pods-FirebaseKit.debug.xcconfig"; path = "Target Support Files/Pods-FirebaseKit/Pods-FirebaseKit.debug.xcconfig"; sourceTree = "<group>"; };
		6AED6B9D246720B20039039F /* FirebaseKit.framework */ = {isa = PBXFileReference; explicitFileType = wrapper.framework; includeInIndex = 0; path = FirebaseKit.framework; sourceTree = BUILT_PRODUCTS_DIR; };
		6AED6BA0246720B20039039F /* FirebaseKit.h */ = {isa = PBXFileReference; lastKnownFileType = sourcecode.c.h; path = FirebaseKit.h; sourceTree = "<group>"; };
		6AED6BA1246720B20039039F /* Info.plist */ = {isa = PBXFileReference; lastKnownFileType = text.plist.xml; path = Info.plist; sourceTree = "<group>"; };
		6AED6BA6246720B20039039F /* FirebaseKitTests.xctest */ = {isa = PBXFileReference; explicitFileType = wrapper.cfbundle; includeInIndex = 0; path = FirebaseKitTests.xctest; sourceTree = BUILT_PRODUCTS_DIR; };
		6AED6BAB246720B20039039F /* FirebaseKitTests.swift */ = {isa = PBXFileReference; lastKnownFileType = sourcecode.swift; path = FirebaseKitTests.swift; sourceTree = "<group>"; };
		6AED6BAD246720B20039039F /* Info.plist */ = {isa = PBXFileReference; lastKnownFileType = text.plist.xml; path = Info.plist; sourceTree = "<group>"; };
		6AED6BB8246720C60039039F /* Encodable+Ext.swift */ = {isa = PBXFileReference; fileEncoding = 4; lastKnownFileType = sourcecode.swift; path = "Encodable+Ext.swift"; sourceTree = "<group>"; };
		6AED6BB9246720C60039039F /* JSONDecoder+Ext.swift */ = {isa = PBXFileReference; fileEncoding = 4; lastKnownFileType = sourcecode.swift; path = "JSONDecoder+Ext.swift"; sourceTree = "<group>"; };
		6AED6BBC246720C60039039F /* FirestoreEndPoint.swift */ = {isa = PBXFileReference; fileEncoding = 4; lastKnownFileType = sourcecode.swift; path = FirestoreEndPoint.swift; sourceTree = "<group>"; };
		6AED6BBD246720C60039039F /* FirestoreEndPointType.swift */ = {isa = PBXFileReference; fileEncoding = 4; lastKnownFileType = sourcecode.swift; path = FirestoreEndPointType.swift; sourceTree = "<group>"; };
		6AED6BBF246720C60039039F /* FirestoreRouter.swift */ = {isa = PBXFileReference; fileEncoding = 4; lastKnownFileType = sourcecode.swift; path = FirestoreRouter.swift; sourceTree = "<group>"; };
		6AED6BC0246720C60039039F /* FirestoreTask.swift */ = {isa = PBXFileReference; fileEncoding = 4; lastKnownFileType = sourcecode.swift; path = FirestoreTask.swift; sourceTree = "<group>"; };
		6AED6BC2246720C60039039F /* FirestoreConstants.swift */ = {isa = PBXFileReference; fileEncoding = 4; lastKnownFileType = sourcecode.swift; path = FirestoreConstants.swift; sourceTree = "<group>"; };
		6AED6BC4246720C60039039F /* FirestoreManager.swift */ = {isa = PBXFileReference; fileEncoding = 4; lastKnownFileType = sourcecode.swift; path = FirestoreManager.swift; sourceTree = "<group>"; };
		6AED6BD0246753600039039F /* libFirebaseAuth.a */ = {isa = PBXFileReference; explicitFileType = archive.ar; path = libFirebaseAuth.a; sourceTree = BUILT_PRODUCTS_DIR; };
		6AED6BD1246753600039039F /* libFirebaseFirestore.a */ = {isa = PBXFileReference; explicitFileType = archive.ar; path = libFirebaseFirestore.a; sourceTree = BUILT_PRODUCTS_DIR; };
		81016372E7D223D627D7C15C /* Pods-FirebaseKit.release.xcconfig */ = {isa = PBXFileReference; includeInIndex = 1; lastKnownFileType = text.xcconfig; name = "Pods-FirebaseKit.release.xcconfig"; path = "Target Support Files/Pods-FirebaseKit/Pods-FirebaseKit.release.xcconfig"; sourceTree = "<group>"; };
		97CBFD5A15490E75E6E86C69 /* Pods_FirebaseKit.framework */ = {isa = PBXFileReference; explicitFileType = wrapper.framework; includeInIndex = 0; path = Pods_FirebaseKit.framework; sourceTree = BUILT_PRODUCTS_DIR; };
		CB2F37D3FC9DBBF83EBC2590 /* Pods-FirebaseKit-FirebaseKitTests.debug.xcconfig */ = {isa = PBXFileReference; includeInIndex = 1; lastKnownFileType = text.xcconfig; name = "Pods-FirebaseKit-FirebaseKitTests.debug.xcconfig"; path = "Target Support Files/Pods-FirebaseKit-FirebaseKitTests/Pods-FirebaseKit-FirebaseKitTests.debug.xcconfig"; sourceTree = "<group>"; };
/* End PBXFileReference section */

/* Begin PBXFrameworksBuildPhase section */
		6AED6B9A246720B20039039F /* Frameworks */ = {
			isa = PBXFrameworksBuildPhase;
			buildActionMask = 2147483647;
			files = (
				A8846B6839A46B5D62464E0E /* Pods_FirebaseKit.framework in Frameworks */,
			);
			runOnlyForDeploymentPostprocessing = 0;
		};
		6AED6BA3246720B20039039F /* Frameworks */ = {
			isa = PBXFrameworksBuildPhase;
			buildActionMask = 2147483647;
			files = (
				6AED6BA7246720B20039039F /* FirebaseKit.framework in Frameworks */,
				52F002CAAEBC4BEC6018896B /* Pods_FirebaseKit_FirebaseKitTests.framework in Frameworks */,
			);
			runOnlyForDeploymentPostprocessing = 0;
		};
/* End PBXFrameworksBuildPhase section */

/* Begin PBXGroup section */
		22BC2E947F7B4912FA6D1F2D /* Frameworks */ = {
			isa = PBXGroup;
			children = (
				6AED6BD0246753600039039F /* libFirebaseAuth.a */,
				6AED6BD1246753600039039F /* libFirebaseFirestore.a */,
				97CBFD5A15490E75E6E86C69 /* Pods_FirebaseKit.framework */,
				2CAB5E86B74F2E124F01AE73 /* Pods_FirebaseKit_FirebaseKitTests.framework */,
			);
			name = Frameworks;
			sourceTree = "<group>";
		};
		6AED6B93246720B20039039F = {
			isa = PBXGroup;
			children = (
				6AED6B9F246720B20039039F /* FirebaseKit */,
				6AED6BAA246720B20039039F /* FirebaseKitTests */,
				6AED6B9E246720B20039039F /* Products */,
				D686947EADCA756A108E68B9 /* Pods */,
				22BC2E947F7B4912FA6D1F2D /* Frameworks */,
			);
			sourceTree = "<group>";
		};
		6AED6B9E246720B20039039F /* Products */ = {
			isa = PBXGroup;
			children = (
				6AED6B9D246720B20039039F /* FirebaseKit.framework */,
				6AED6BA6246720B20039039F /* FirebaseKitTests.xctest */,
			);
			name = Products;
			sourceTree = "<group>";
		};
		6AED6B9F246720B20039039F /* FirebaseKit */ = {
			isa = PBXGroup;
			children = (
				6AED6BB7246720C60039039F /* Extensions */,
				6AED6BBA246720C60039039F /* Firestore */,
				6AED6BA0246720B20039039F /* FirebaseKit.h */,
				6AED6BA1246720B20039039F /* Info.plist */,
			);
			path = FirebaseKit;
			sourceTree = "<group>";
		};
		6AED6BAA246720B20039039F /* FirebaseKitTests */ = {
			isa = PBXGroup;
			children = (
				6AED6BAB246720B20039039F /* FirebaseKitTests.swift */,
				6AED6BAD246720B20039039F /* Info.plist */,
			);
			path = FirebaseKitTests;
			sourceTree = "<group>";
		};
		6AED6BB7246720C60039039F /* Extensions */ = {
			isa = PBXGroup;
			children = (
				6AED6BB8246720C60039039F /* Encodable+Ext.swift */,
				6AED6BB9246720C60039039F /* JSONDecoder+Ext.swift */,
			);
			path = Extensions;
			sourceTree = "<group>";
		};
		6AED6BBA246720C60039039F /* Firestore */ = {
			isa = PBXGroup;
			children = (
				6AED6BBB246720C60039039F /* Firestore EndPoint */,
				6AED6BBE246720C60039039F /* Firestore Service */,
				6AED6BC1246720C60039039F /* Firestore Utilities */,
				6AED6BC3246720C60039039F /* Firestore Manager */,
			);
			path = Firestore;
			sourceTree = "<group>";
		};
		6AED6BBB246720C60039039F /* Firestore EndPoint */ = {
			isa = PBXGroup;
			children = (
				6AED6BBC246720C60039039F /* FirestoreEndPoint.swift */,
				6AED6BBD246720C60039039F /* FirestoreEndPointType.swift */,
			);
			path = "Firestore EndPoint";
			sourceTree = "<group>";
		};
		6AED6BBE246720C60039039F /* Firestore Service */ = {
			isa = PBXGroup;
			children = (
				6AED6BBF246720C60039039F /* FirestoreRouter.swift */,
				6AED6BC0246720C60039039F /* FirestoreTask.swift */,
			);
			path = "Firestore Service";
			sourceTree = "<group>";
		};
		6AED6BC1246720C60039039F /* Firestore Utilities */ = {
			isa = PBXGroup;
			children = (
				6AED6BC2246720C60039039F /* FirestoreConstants.swift */,
			);
			path = "Firestore Utilities";
			sourceTree = "<group>";
		};
		6AED6BC3246720C60039039F /* Firestore Manager */ = {
			isa = PBXGroup;
			children = (
				6AED6BC4246720C60039039F /* FirestoreManager.swift */,
			);
			path = "Firestore Manager";
			sourceTree = "<group>";
		};
		D686947EADCA756A108E68B9 /* Pods */ = {
			isa = PBXGroup;
			children = (
				5D99DCA0BD98070FC367E43A /* Pods-FirebaseKit.debug.xcconfig */,
				81016372E7D223D627D7C15C /* Pods-FirebaseKit.release.xcconfig */,
				CB2F37D3FC9DBBF83EBC2590 /* Pods-FirebaseKit-FirebaseKitTests.debug.xcconfig */,
				50F6849D7C5070E0EDE20044 /* Pods-FirebaseKit-FirebaseKitTests.release.xcconfig */,
			);
			path = Pods;
			sourceTree = "<group>";
		};
/* End PBXGroup section */

/* Begin PBXHeadersBuildPhase section */
		6AED6B98246720B20039039F /* Headers */ = {
			isa = PBXHeadersBuildPhase;
			buildActionMask = 2147483647;
			files = (
				6AED6BAE246720B20039039F /* FirebaseKit.h in Headers */,
			);
			runOnlyForDeploymentPostprocessing = 0;
		};
/* End PBXHeadersBuildPhase section */

/* Begin PBXNativeTarget section */
		6AED6B9C246720B20039039F /* FirebaseKit */ = {
			isa = PBXNativeTarget;
			buildConfigurationList = 6AED6BB1246720B20039039F /* Build configuration list for PBXNativeTarget "FirebaseKit" */;
			buildPhases = (
				991C6B7A37BD1839A7DA5687 /* [CP] Check Pods Manifest.lock */,
				6AED6B98246720B20039039F /* Headers */,
				6AED6B99246720B20039039F /* Sources */,
				6AED6B9A246720B20039039F /* Frameworks */,
				6AED6B9B246720B20039039F /* Resources */,
			);
			buildRules = (
			);
			dependencies = (
			);
			name = FirebaseKit;
			productName = FirebaseKit;
			productReference = 6AED6B9D246720B20039039F /* FirebaseKit.framework */;
			productType = "com.apple.product-type.framework";
		};
		6AED6BA5246720B20039039F /* FirebaseKitTests */ = {
			isa = PBXNativeTarget;
			buildConfigurationList = 6AED6BB4246720B20039039F /* Build configuration list for PBXNativeTarget "FirebaseKitTests" */;
			buildPhases = (
				21A63162F3A0A2C4E442DED5 /* [CP] Check Pods Manifest.lock */,
				6AED6BA2246720B20039039F /* Sources */,
				6AED6BA3246720B20039039F /* Frameworks */,
				6AED6BA4246720B20039039F /* Resources */,
				438DAB8F5ED0237EB217F5AB /* [CP] Embed Pods Frameworks */,
			);
			buildRules = (
			);
			dependencies = (
				6AED6BA9246720B20039039F /* PBXTargetDependency */,
			);
			name = FirebaseKitTests;
			productName = FirebaseKitTests;
			productReference = 6AED6BA6246720B20039039F /* FirebaseKitTests.xctest */;
			productType = "com.apple.product-type.bundle.unit-test";
		};
/* End PBXNativeTarget section */

/* Begin PBXProject section */
		6AED6B94246720B20039039F /* Project object */ = {
			isa = PBXProject;
			attributes = {
				LastSwiftUpdateCheck = 1140;
				LastUpgradeCheck = 1140;
				ORGANIZATIONNAME = "Charles Pisciotta";
				TargetAttributes = {
					6AED6B9C246720B20039039F = {
						CreatedOnToolsVersion = 11.4.1;
					};
					6AED6BA5246720B20039039F = {
						CreatedOnToolsVersion = 11.4.1;
					};
				};
			};
			buildConfigurationList = 6AED6B97246720B20039039F /* Build configuration list for PBXProject "FirebaseKit" */;
			compatibilityVersion = "Xcode 11.0";
			developmentRegion = en;
			hasScannedForEncodings = 0;
			knownRegions = (
				en,
				Base,
			);
			mainGroup = 6AED6B93246720B20039039F;
			productRefGroup = 6AED6B9E246720B20039039F /* Products */;
			projectDirPath = "";
			projectRoot = "";
			targets = (
				6AED6B9C246720B20039039F /* FirebaseKit */,
				6AED6BA5246720B20039039F /* FirebaseKitTests */,
			);
		};
/* End PBXProject section */

/* Begin PBXResourcesBuildPhase section */
		6AED6B9B246720B20039039F /* Resources */ = {
			isa = PBXResourcesBuildPhase;
			buildActionMask = 2147483647;
			files = (
			);
			runOnlyForDeploymentPostprocessing = 0;
		};
		6AED6BA4246720B20039039F /* Resources */ = {
			isa = PBXResourcesBuildPhase;
			buildActionMask = 2147483647;
			files = (
			);
			runOnlyForDeploymentPostprocessing = 0;
		};
/* End PBXResourcesBuildPhase section */

/* Begin PBXShellScriptBuildPhase section */
		21A63162F3A0A2C4E442DED5 /* [CP] Check Pods Manifest.lock */ = {
			isa = PBXShellScriptBuildPhase;
			buildActionMask = 2147483647;
			files = (
			);
			inputFileListPaths = (
			);
			inputPaths = (
				"${PODS_PODFILE_DIR_PATH}/Podfile.lock",
				"${PODS_ROOT}/Manifest.lock",
			);
			name = "[CP] Check Pods Manifest.lock";
			outputFileListPaths = (
			);
			outputPaths = (
				"$(DERIVED_FILE_DIR)/Pods-FirebaseKit-FirebaseKitTests-checkManifestLockResult.txt",
			);
			runOnlyForDeploymentPostprocessing = 0;
			shellPath = /bin/sh;
			shellScript = "diff \"${PODS_PODFILE_DIR_PATH}/Podfile.lock\" \"${PODS_ROOT}/Manifest.lock\" > /dev/null\nif [ $? != 0 ] ; then\n    # print error to STDERR\n    echo \"error: The sandbox is not in sync with the Podfile.lock. Run 'pod install' or update your CocoaPods installation.\" >&2\n    exit 1\nfi\n# This output is used by Xcode 'outputs' to avoid re-running this script phase.\necho \"SUCCESS\" > \"${SCRIPT_OUTPUT_FILE_0}\"\n";
			showEnvVarsInLog = 0;
		};
		438DAB8F5ED0237EB217F5AB /* [CP] Embed Pods Frameworks */ = {
			isa = PBXShellScriptBuildPhase;
			buildActionMask = 2147483647;
			files = (
			);
			inputFileListPaths = (
				"${PODS_ROOT}/Target Support Files/Pods-FirebaseKit-FirebaseKitTests/Pods-FirebaseKit-FirebaseKitTests-frameworks-${CONFIGURATION}-input-files.xcfilelist",
			);
			name = "[CP] Embed Pods Frameworks";
			outputFileListPaths = (
				"${PODS_ROOT}/Target Support Files/Pods-FirebaseKit-FirebaseKitTests/Pods-FirebaseKit-FirebaseKitTests-frameworks-${CONFIGURATION}-output-files.xcfilelist",
			);
			runOnlyForDeploymentPostprocessing = 0;
			shellPath = /bin/sh;
			shellScript = "\"${PODS_ROOT}/Target Support Files/Pods-FirebaseKit-FirebaseKitTests/Pods-FirebaseKit-FirebaseKitTests-frameworks.sh\"\n";
			showEnvVarsInLog = 0;
		};
		991C6B7A37BD1839A7DA5687 /* [CP] Check Pods Manifest.lock */ = {
			isa = PBXShellScriptBuildPhase;
			buildActionMask = 2147483647;
			files = (
			);
			inputFileListPaths = (
			);
			inputPaths = (
				"${PODS_PODFILE_DIR_PATH}/Podfile.lock",
				"${PODS_ROOT}/Manifest.lock",
			);
			name = "[CP] Check Pods Manifest.lock";
			outputFileListPaths = (
			);
			outputPaths = (
				"$(DERIVED_FILE_DIR)/Pods-FirebaseKit-checkManifestLockResult.txt",
			);
			runOnlyForDeploymentPostprocessing = 0;
			shellPath = /bin/sh;
			shellScript = "diff \"${PODS_PODFILE_DIR_PATH}/Podfile.lock\" \"${PODS_ROOT}/Manifest.lock\" > /dev/null\nif [ $? != 0 ] ; then\n    # print error to STDERR\n    echo \"error: The sandbox is not in sync with the Podfile.lock. Run 'pod install' or update your CocoaPods installation.\" >&2\n    exit 1\nfi\n# This output is used by Xcode 'outputs' to avoid re-running this script phase.\necho \"SUCCESS\" > \"${SCRIPT_OUTPUT_FILE_0}\"\n";
			showEnvVarsInLog = 0;
		};
/* End PBXShellScriptBuildPhase section */

/* Begin PBXSourcesBuildPhase section */
		6AED6B99246720B20039039F /* Sources */ = {
			isa = PBXSourcesBuildPhase;
			buildActionMask = 2147483647;
			files = (
				6AED6BC8246720C60039039F /* FirestoreEndPointType.swift in Sources */,
				6AED6BC6246720C60039039F /* JSONDecoder+Ext.swift in Sources */,
				6AED6BCB246720C60039039F /* FirestoreConstants.swift in Sources */,
				6AED6BC7246720C60039039F /* FirestoreEndPoint.swift in Sources */,
				6AED6BC9246720C60039039F /* FirestoreRouter.swift in Sources */,
				6AED6BCA246720C60039039F /* FirestoreTask.swift in Sources */,
				6AED6BC5246720C60039039F /* Encodable+Ext.swift in Sources */,
				6AED6BCC246720C60039039F /* FirestoreManager.swift in Sources */,
			);
			runOnlyForDeploymentPostprocessing = 0;
		};
		6AED6BA2246720B20039039F /* Sources */ = {
			isa = PBXSourcesBuildPhase;
			buildActionMask = 2147483647;
			files = (
				6AED6BAC246720B20039039F /* FirebaseKitTests.swift in Sources */,
			);
			runOnlyForDeploymentPostprocessing = 0;
		};
/* End PBXSourcesBuildPhase section */

/* Begin PBXTargetDependency section */
		6AED6BA9246720B20039039F /* PBXTargetDependency */ = {
			isa = PBXTargetDependency;
			target = 6AED6B9C246720B20039039F /* FirebaseKit */;
			targetProxy = 6AED6BA8246720B20039039F /* PBXContainerItemProxy */;
		};
/* End PBXTargetDependency section */

/* Begin XCBuildConfiguration section */
		6AED6BAF246720B20039039F /* Debug */ = {
			isa = XCBuildConfiguration;
			buildSettings = {
				ALWAYS_SEARCH_USER_PATHS = NO;
				CLANG_ANALYZER_NONNULL = YES;
				CLANG_ANALYZER_NUMBER_OBJECT_CONVERSION = YES_AGGRESSIVE;
				CLANG_CXX_LANGUAGE_STANDARD = "gnu++14";
				CLANG_CXX_LIBRARY = "libc++";
				CLANG_ENABLE_MODULES = YES;
				CLANG_ENABLE_OBJC_ARC = YES;
				CLANG_ENABLE_OBJC_WEAK = YES;
				CLANG_WARN_BLOCK_CAPTURE_AUTORELEASING = YES;
				CLANG_WARN_BOOL_CONVERSION = YES;
				CLANG_WARN_COMMA = YES;
				CLANG_WARN_CONSTANT_CONVERSION = YES;
				CLANG_WARN_DEPRECATED_OBJC_IMPLEMENTATIONS = YES;
				CLANG_WARN_DIRECT_OBJC_ISA_USAGE = YES_ERROR;
				CLANG_WARN_DOCUMENTATION_COMMENTS = YES;
				CLANG_WARN_EMPTY_BODY = YES;
				CLANG_WARN_ENUM_CONVERSION = YES;
				CLANG_WARN_INFINITE_RECURSION = YES;
				CLANG_WARN_INT_CONVERSION = YES;
				CLANG_WARN_NON_LITERAL_NULL_CONVERSION = YES;
				CLANG_WARN_OBJC_IMPLICIT_RETAIN_SELF = YES;
				CLANG_WARN_OBJC_LITERAL_CONVERSION = YES;
				CLANG_WARN_OBJC_ROOT_CLASS = YES_ERROR;
				CLANG_WARN_RANGE_LOOP_ANALYSIS = YES;
				CLANG_WARN_STRICT_PROTOTYPES = YES;
				CLANG_WARN_SUSPICIOUS_MOVE = YES;
				CLANG_WARN_UNGUARDED_AVAILABILITY = YES_AGGRESSIVE;
				CLANG_WARN_UNREACHABLE_CODE = YES;
				CLANG_WARN__DUPLICATE_METHOD_MATCH = YES;
				COPY_PHASE_STRIP = NO;
				CURRENT_PROJECT_VERSION = 1;
				DEBUG_INFORMATION_FORMAT = dwarf;
				ENABLE_STRICT_OBJC_MSGSEND = YES;
				ENABLE_TESTABILITY = YES;
				GCC_C_LANGUAGE_STANDARD = gnu11;
				GCC_DYNAMIC_NO_PIC = NO;
				GCC_NO_COMMON_BLOCKS = YES;
				GCC_OPTIMIZATION_LEVEL = 0;
				GCC_PREPROCESSOR_DEFINITIONS = (
					"DEBUG=1",
					"$(inherited)",
				);
				GCC_WARN_64_TO_32_BIT_CONVERSION = YES;
				GCC_WARN_ABOUT_RETURN_TYPE = YES_ERROR;
				GCC_WARN_UNDECLARED_SELECTOR = YES;
				GCC_WARN_UNINITIALIZED_AUTOS = YES_AGGRESSIVE;
				GCC_WARN_UNUSED_FUNCTION = YES;
				GCC_WARN_UNUSED_VARIABLE = YES;
				IPHONEOS_DEPLOYMENT_TARGET = 13.4;
				MTL_ENABLE_DEBUG_INFO = INCLUDE_SOURCE;
				MTL_FAST_MATH = YES;
				ONLY_ACTIVE_ARCH = YES;
				SDKROOT = iphoneos;
				SWIFT_ACTIVE_COMPILATION_CONDITIONS = DEBUG;
				SWIFT_OPTIMIZATION_LEVEL = "-Onone";
				VERSIONING_SYSTEM = "apple-generic";
				VERSION_INFO_PREFIX = "";
			};
			name = Debug;
		};
		6AED6BB0246720B20039039F /* Release */ = {
			isa = XCBuildConfiguration;
			buildSettings = {
				ALWAYS_SEARCH_USER_PATHS = NO;
				CLANG_ANALYZER_NONNULL = YES;
				CLANG_ANALYZER_NUMBER_OBJECT_CONVERSION = YES_AGGRESSIVE;
				CLANG_CXX_LANGUAGE_STANDARD = "gnu++14";
				CLANG_CXX_LIBRARY = "libc++";
				CLANG_ENABLE_MODULES = YES;
				CLANG_ENABLE_OBJC_ARC = YES;
				CLANG_ENABLE_OBJC_WEAK = YES;
				CLANG_WARN_BLOCK_CAPTURE_AUTORELEASING = YES;
				CLANG_WARN_BOOL_CONVERSION = YES;
				CLANG_WARN_COMMA = YES;
				CLANG_WARN_CONSTANT_CONVERSION = YES;
				CLANG_WARN_DEPRECATED_OBJC_IMPLEMENTATIONS = YES;
				CLANG_WARN_DIRECT_OBJC_ISA_USAGE = YES_ERROR;
				CLANG_WARN_DOCUMENTATION_COMMENTS = YES;
				CLANG_WARN_EMPTY_BODY = YES;
				CLANG_WARN_ENUM_CONVERSION = YES;
				CLANG_WARN_INFINITE_RECURSION = YES;
				CLANG_WARN_INT_CONVERSION = YES;
				CLANG_WARN_NON_LITERAL_NULL_CONVERSION = YES;
				CLANG_WARN_OBJC_IMPLICIT_RETAIN_SELF = YES;
				CLANG_WARN_OBJC_LITERAL_CONVERSION = YES;
				CLANG_WARN_OBJC_ROOT_CLASS = YES_ERROR;
				CLANG_WARN_RANGE_LOOP_ANALYSIS = YES;
				CLANG_WARN_STRICT_PROTOTYPES = YES;
				CLANG_WARN_SUSPICIOUS_MOVE = YES;
				CLANG_WARN_UNGUARDED_AVAILABILITY = YES_AGGRESSIVE;
				CLANG_WARN_UNREACHABLE_CODE = YES;
				CLANG_WARN__DUPLICATE_METHOD_MATCH = YES;
				COPY_PHASE_STRIP = NO;
				CURRENT_PROJECT_VERSION = 1;
				DEBUG_INFORMATION_FORMAT = "dwarf-with-dsym";
				ENABLE_NS_ASSERTIONS = NO;
				ENABLE_STRICT_OBJC_MSGSEND = YES;
				GCC_C_LANGUAGE_STANDARD = gnu11;
				GCC_NO_COMMON_BLOCKS = YES;
				GCC_WARN_64_TO_32_BIT_CONVERSION = YES;
				GCC_WARN_ABOUT_RETURN_TYPE = YES_ERROR;
				GCC_WARN_UNDECLARED_SELECTOR = YES;
				GCC_WARN_UNINITIALIZED_AUTOS = YES_AGGRESSIVE;
				GCC_WARN_UNUSED_FUNCTION = YES;
				GCC_WARN_UNUSED_VARIABLE = YES;
				IPHONEOS_DEPLOYMENT_TARGET = 13.4;
				MTL_ENABLE_DEBUG_INFO = NO;
				MTL_FAST_MATH = YES;
				SDKROOT = iphoneos;
				SWIFT_COMPILATION_MODE = wholemodule;
				SWIFT_OPTIMIZATION_LEVEL = "-O";
				VALIDATE_PRODUCT = YES;
				VERSIONING_SYSTEM = "apple-generic";
				VERSION_INFO_PREFIX = "";
			};
			name = Release;
		};
		6AED6BB2246720B20039039F /* Debug */ = {
			isa = XCBuildConfiguration;
			baseConfigurationReference = 5D99DCA0BD98070FC367E43A /* Pods-FirebaseKit.debug.xcconfig */;
			buildSettings = {
				CODE_SIGN_STYLE = Automatic;
				DEFINES_MODULE = YES;
				DEVELOPMENT_TEAM = 3FZS7X9T3Y;
				DYLIB_COMPATIBILITY_VERSION = 1;
				DYLIB_CURRENT_VERSION = 1;
				DYLIB_INSTALL_NAME_BASE = "@rpath";
				INFOPLIST_FILE = FirebaseKit/Info.plist;
				INSTALL_PATH = "$(LOCAL_LIBRARY_DIR)/Frameworks";
				LD_RUNPATH_SEARCH_PATHS = (
					"$(inherited)",
					"@executable_path/Frameworks",
					"@loader_path/Frameworks",
				);
				MARKETING_VERSION = 0.7.0;
				PRODUCT_BUNDLE_IDENTIFIER = "com.Charles-Pisciotta.FirebaseKit";
				PRODUCT_NAME = "$(TARGET_NAME:c99extidentifier)";
				SKIP_INSTALL = YES;
				SUPPORTS_MACCATALYST = NO;
				SWIFT_VERSION = 5.0;
				TARGETED_DEVICE_FAMILY = "1,2";
			};
			name = Debug;
		};
		6AED6BB3246720B20039039F /* Release */ = {
			isa = XCBuildConfiguration;
			baseConfigurationReference = 81016372E7D223D627D7C15C /* Pods-FirebaseKit.release.xcconfig */;
			buildSettings = {
				CODE_SIGN_STYLE = Automatic;
				DEFINES_MODULE = YES;
				DEVELOPMENT_TEAM = 3FZS7X9T3Y;
				DYLIB_COMPATIBILITY_VERSION = 1;
				DYLIB_CURRENT_VERSION = 1;
				DYLIB_INSTALL_NAME_BASE = "@rpath";
				INFOPLIST_FILE = FirebaseKit/Info.plist;
				INSTALL_PATH = "$(LOCAL_LIBRARY_DIR)/Frameworks";
				LD_RUNPATH_SEARCH_PATHS = (
					"$(inherited)",
					"@executable_path/Frameworks",
					"@loader_path/Frameworks",
				);
				MARKETING_VERSION = 0.7.0;
				PRODUCT_BUNDLE_IDENTIFIER = "com.Charles-Pisciotta.FirebaseKit";
				PRODUCT_NAME = "$(TARGET_NAME:c99extidentifier)";
				SKIP_INSTALL = YES;
				SUPPORTS_MACCATALYST = NO;
				SWIFT_VERSION = 5.0;
				TARGETED_DEVICE_FAMILY = "1,2";
			};
			name = Release;
		};
		6AED6BB5246720B20039039F /* Debug */ = {
			isa = XCBuildConfiguration;
			baseConfigurationReference = CB2F37D3FC9DBBF83EBC2590 /* Pods-FirebaseKit-FirebaseKitTests.debug.xcconfig */;
			buildSettings = {
				ALWAYS_EMBED_SWIFT_STANDARD_LIBRARIES = YES;
				CODE_SIGN_STYLE = Automatic;
				DEVELOPMENT_TEAM = 3FZS7X9T3Y;
				INFOPLIST_FILE = FirebaseKitTests/Info.plist;
				LD_RUNPATH_SEARCH_PATHS = (
					"$(inherited)",
					"@executable_path/Frameworks",
					"@loader_path/Frameworks",
				);
				PRODUCT_BUNDLE_IDENTIFIER = "com.Charles-Pisciotta.FirebaseKitTests";
				PRODUCT_NAME = "$(TARGET_NAME)";
				SWIFT_VERSION = 5.0;
				TARGETED_DEVICE_FAMILY = "1,2";
			};
			name = Debug;
		};
		6AED6BB6246720B20039039F /* Release */ = {
			isa = XCBuildConfiguration;
			baseConfigurationReference = 50F6849D7C5070E0EDE20044 /* Pods-FirebaseKit-FirebaseKitTests.release.xcconfig */;
			buildSettings = {
				ALWAYS_EMBED_SWIFT_STANDARD_LIBRARIES = YES;
				CODE_SIGN_STYLE = Automatic;
				DEVELOPMENT_TEAM = 3FZS7X9T3Y;
				INFOPLIST_FILE = FirebaseKitTests/Info.plist;
				LD_RUNPATH_SEARCH_PATHS = (
					"$(inherited)",
					"@executable_path/Frameworks",
					"@loader_path/Frameworks",
				);
				PRODUCT_BUNDLE_IDENTIFIER = "com.Charles-Pisciotta.FirebaseKitTests";
				PRODUCT_NAME = "$(TARGET_NAME)";
				SWIFT_VERSION = 5.0;
				TARGETED_DEVICE_FAMILY = "1,2";
			};
			name = Release;
		};
/* End XCBuildConfiguration section */

/* Begin XCConfigurationList section */
		6AED6B97246720B20039039F /* Build configuration list for PBXProject "FirebaseKit" */ = {
			isa = XCConfigurationList;
			buildConfigurations = (
				6AED6BAF246720B20039039F /* Debug */,
				6AED6BB0246720B20039039F /* Release */,
			);
			defaultConfigurationIsVisible = 0;
			defaultConfigurationName = Release;
		};
		6AED6BB1246720B20039039F /* Build configuration list for PBXNativeTarget "FirebaseKit" */ = {
			isa = XCConfigurationList;
			buildConfigurations = (
				6AED6BB2246720B20039039F /* Debug */,
				6AED6BB3246720B20039039F /* Release */,
			);
			defaultConfigurationIsVisible = 0;
			defaultConfigurationName = Release;
		};
		6AED6BB4246720B20039039F /* Build configuration list for PBXNativeTarget "FirebaseKitTests" */ = {
			isa = XCConfigurationList;
			buildConfigurations = (
				6AED6BB5246720B20039039F /* Debug */,
				6AED6BB6246720B20039039F /* Release */,
			);
			defaultConfigurationIsVisible = 0;
			defaultConfigurationName = Release;
		};
/* End XCConfigurationList section */
	};
	rootObject = 6AED6B94246720B20039039F /* Project object */;
}
